
Microsoft Visual Studio Solution File, Format Version 12.00
# Visual Studio Version 16
VisualStudioVersion = 16.0.31702.278
MinimumVisualStudioVersion = 10.0.40219.1
Project("{9A19103F-16F7-4668-BE54-9A1E7A4F7556}") = "Console", "Console\Console.csproj", "{D5FE622F-FBD5-4ABA-AC60-85797810EE3C}"
EndProject
Project("{9A19103F-16F7-4668-BE54-9A1E7A4F7556}") = "AutoStartLib", "AutoStartLib\AutoStartLib.csproj", "{0B116815-4ED7-4769-9490-09A6DB3BF7B8}"
EndProject
Project("{9A19103F-16F7-4668-BE54-9A1E7A4F7556}") = "ConfigLib", "ConfigLib\ConfigLib.csproj", "{B12D3B1A-A880-4AEB-BB3B-CC4EB80FED7E}"
EndProject
Project("{FAE04EC0-301F-11D3-BF4B-00C04F79EFBC}") = "ProfilesLib", "ProfilesLib\ProfilesLib.csproj", "{346C9014-9C7A-4EC4-8B1D-976CEBACE0F2}"
EndProject
Global
	GlobalSection(SolutionConfigurationPlatforms) = preSolution
		Debug|Any CPU = Debug|Any CPU
		Release|Any CPU = Release|Any CPU
	EndGlobalSection
	GlobalSection(ProjectConfigurationPlatforms) = postSolution
		{D5FE622F-FBD5-4ABA-AC60-85797810EE3C}.Debug|Any CPU.ActiveCfg = Debug|Any CPU
		{D5FE622F-FBD5-4ABA-AC60-85797810EE3C}.Debug|Any CPU.Build.0 = Debug|Any CPU
		{D5FE622F-FBD5-4ABA-AC60-85797810EE3C}.Release|Any CPU.ActiveCfg = Release|Any CPU
		{D5FE622F-FBD5-4ABA-AC60-85797810EE3C}.Release|Any CPU.Build.0 = Release|Any CPU
		{0B116815-4ED7-4769-9490-09A6DB3BF7B8}.Debug|Any CPU.ActiveCfg = Debug|Any CPU
		{0B116815-4ED7-4769-9490-09A6DB3BF7B8}.Debug|Any CPU.Build.0 = Debug|Any CPU
		{0B116815-4ED7-4769-9490-09A6DB3BF7B8}.Release|Any CPU.ActiveCfg = Release|Any CPU
		{0B116815-4ED7-4769-9490-09A6DB3BF7B8}.Release|Any CPU.Build.0 = Release|Any CPU
		{B12D3B1A-A880-4AEB-BB3B-CC4EB80FED7E}.Debug|Any CPU.ActiveCfg = Debug|Any CPU
		{B12D3B1A-A880-4AEB-BB3B-CC4EB80FED7E}.Debug|Any CPU.Build.0 = Debug|Any CPU
		{B12D3B1A-A880-4AEB-BB3B-CC4EB80FED7E}.Release|Any CPU.ActiveCfg = Release|Any CPU
		{B12D3B1A-A880-4AEB-BB3B-CC4EB80FED7E}.Release|Any CPU.Build.0 = Release|Any CPU
		{346C9014-9C7A-4EC4-8B1D-976CEBACE0F2}.Debug|Any CPU.ActiveCfg = Debug|Any CPU
		{346C9014-9C7A-4EC4-8B1D-976CEBACE0F2}.Debug|Any CPU.Build.0 = Debug|Any CPU
		{346C9014-9C7A-4EC4-8B1D-976CEBACE0F2}.Release|Any CPU.ActiveCfg = Release|Any CPU
		{346C9014-9C7A-4EC4-8B1D-976CEBACE0F2}.Release|Any CPU.Build.0 = Release|Any CPU
	EndGlobalSection
	GlobalSection(SolutionProperties) = preSolution
		HideSolutionNode = FALSE
	EndGlobalSection
	GlobalSection(ExtensibilityGlobals) = postSolution
		SolutionGuid = {D245060B-2472-4E01-A6F0-3E5A22843414}
	EndGlobalSection
EndGlobal
